
Microsoft Visual Studio Solution File, Format Version 12.00
# Visual Studio Version 16
VisualStudioVersion = 16.0.30907.101
MinimumVisualStudioVersion = 10.0.40219.1
Project("{9A19103F-16F7-4668-BE54-9A1E7A4F7556}") = "api", "api\api.csproj", "{F81171AD-9351-43FB-95CE-01F09007034B}"
EndProject
Project("{9A19103F-16F7-4668-BE54-9A1E7A4F7556}") = "api.tests", "api.tests\api.tests.csproj", "{E01ACCB1-4660-430E-B824-F1126C702009}"
EndProject
Global
	GlobalSection(SolutionConfigurationPlatforms) = preSolution
		Debug|Any CPU = Debug|Any CPU
		Release|Any CPU = Release|Any CPU
	EndGlobalSection
	GlobalSection(ProjectConfigurationPlatforms) = postSolution
		{F81171AD-9351-43FB-95CE-01F09007034B}.Debug|Any CPU.ActiveCfg = Debug|Any CPU
		{F81171AD-9351-43FB-95CE-01F09007034B}.Debug|Any CPU.Build.0 = Debug|Any CPU
		{F81171AD-9351-43FB-95CE-01F09007034B}.Release|Any CPU.ActiveCfg = Release|Any CPU
		{F81171AD-9351-43FB-95CE-01F09007034B}.Release|Any CPU.Build.0 = Release|Any CPU
		{E01ACCB1-4660-430E-B824-F1126C702009}.Debug|Any CPU.ActiveCfg = Debug|Any CPU
		{E01ACCB1-4660-430E-B824-F1126C702009}.Debug|Any CPU.Build.0 = Debug|Any CPU
		{E01ACCB1-4660-430E-B824-F1126C702009}.Release|Any CPU.ActiveCfg = Release|Any CPU
		{E01ACCB1-4660-430E-B824-F1126C702009}.Release|Any CPU.Build.0 = Release|Any CPU
	EndGlobalSection
	GlobalSection(SolutionProperties) = preSolution
		HideSolutionNode = FALSE
	EndGlobalSection
	GlobalSection(ExtensibilityGlobals) = postSolution
		SolutionGuid = {55D750B6-DAEB-4E7A-B4E0-6332EADDECAF}
	EndGlobalSection
EndGlobal
